{
  "nodes": {
    "nixCats": {
      "locked": {
        "lastModified": 1731340411,
        "narHash": "sha256-FOqh3u8fOGQh26J7HF2cu5/jyHVIAFWBkhm4189GMiM=",
        "owner": "BirdeeHub",
        "repo": "nixCats-nvim",
        "rev": "d739e022ef7bc3d3ab5ca2303a8f1dff7a8aaf74",
        "type": "github"
      },
      "original": {
        "owner": "BirdeeHub",
        "repo": "nixCats-nvim",
        "type": "github"
      }
    },
    "nixpkgs": {
      "locked": {
        "lastModified": 1730958623,
        "narHash": "sha256-JwQZIGSYnRNOgDDoIgqKITrPVil+RMWHsZH1eE1VGN0=",
        "owner": "nixos",
        "repo": "nixpkgs",
        "rev": "85f7e662eda4fa3a995556527c87b2524b691933",
        "type": "github"
      },
      "original": {
        "owner": "nixos",
        "ref": "nixpkgs-unstable",
        "repo": "nixpkgs",
        "type": "github"
      }
    },
    "plugins-blink": {
      "flake": false,
      "locked": {
        "lastModified": 1731358651,
        "narHash": "sha256-+q7tDO3zUHUhzlJwBVKIeTrek9y3pskfRU6ht4l6Rdk=",
        "owner": "Saghen",
        "repo": "blink.cmp",
        "rev": "c33c7e69bb035fa92e1028adc4f6f0ea522f86fd",
        "type": "github"
      },
      "original": {
        "owner": "Saghen",
        "repo": "blink.cmp",
        "type": "github"
      }
    },
    "plugins-sentiment": {
      "flake": false,
      "locked": {
        "lastModified": 1685109400,
        "narHash": "sha256-0ZpqlaCIfFrcfxdp/9BVXYvwgBXsqazo0isrsYfUYyQ=",
        "owner": "utilyre",
        "repo": "sentiment.nvim",
        "rev": "ecde8d877881bb78fdb90060c0991e76770dbdbc",
        "type": "github"
      },
      "original": {
        "owner": "utilyre",
        "repo": "sentiment.nvim",
        "type": "github"
      }
    },
    "root": {
      "inputs": {
        "nixCats": "nixCats",
        "nixpkgs": "nixpkgs",
        "plugins-blink": "plugins-blink",
        "plugins-sentiment": "plugins-sentiment"
      }
    }
  },
  "root": "root",
  "version": 7
}
